{
  "name": "repomethod",
  "version": "0.0.2",
  "lockfileVersion": 3,
  "requires": true,
  "packages": {
    "": {
      "name": "repomethod",
      "version": "0.0.2",
      "license": "MIT",
      "bin": {
        "repomethod": "bin/repomethod.js"
      },
      "engines": {
        "node": ">=18"
      }
    }
  }
}
